
Microsoft Visual Studio Solution File, Format Version 12.00
# Visual Studio Version 17
VisualStudioVersion = 17.0.32014.148
MinimumVisualStudioVersion = 10.0.40219.1
Project("{9A19103F-16F7-4668-BE54-9A1E7A4F7556}") = "Elastic.Kibana.Serilog", "Elastic.Kibana.Serilog\Elastic.Kibana.Serilog.csproj", "{EADE2751-AF49-4D8B-8B05-758DA43AC07C}"
EndProject
Global
	GlobalSection(SolutionConfigurationPlatforms) = preSolution
		Debug|Any CPU = Debug|Any CPU
		Release|Any CPU = Release|Any CPU
	EndGlobalSection
	GlobalSection(ProjectConfigurationPlatforms) = postSolution
		{EADE2751-AF49-4D8B-8B05-758DA43AC07C}.Debug|Any CPU.ActiveCfg = Debug|Any CPU
		{EADE2751-AF49-4D8B-8B05-758DA43AC07C}.Debug|Any CPU.Build.0 = Debug|Any CPU
		{EADE2751-AF49-4D8B-8B05-758DA43AC07C}.Release|Any CPU.ActiveCfg = Release|Any CPU
		{EADE2751-AF49-4D8B-8B05-758DA43AC07C}.Release|Any CPU.Build.0 = Release|Any CPU
	EndGlobalSection
	GlobalSection(SolutionProperties) = preSolution
		HideSolutionNode = FALSE
	EndGlobalSection
	GlobalSection(ExtensibilityGlobals) = postSolution
		SolutionGuid = {7D4A5744-4ED9-48B4-9DF8-5C19E59A703C}
	EndGlobalSection
EndGlobal
